
Microsoft Visual Studio Solution File, Format Version 12.00
# Visual Studio Version 16
VisualStudioVersion = 16.0.810.17
MinimumVisualStudioVersion = 10.0.40219.1
Project("{FAE04EC0-301F-11D3-BF4B-00C04F79EFBC}") = "1.6", "1.6\1.6.csproj", "{B92B7BA8-3511-4565-B3E5-D59613457891}"
EndProject
Global
	GlobalSection(SolutionConfigurationPlatforms) = preSolution
		Debug|anycpu = Debug|anycpu
		Release|anycpu = Release|anycpu
	EndGlobalSection
	GlobalSection(ProjectConfigurationPlatforms) = postSolution
		{B92B7BA8-3511-4565-B3E5-D59613457891}.Debug|anycpu.ActiveCfg = Debug|anycpu
		{B92B7BA8-3511-4565-B3E5-D59613457891}.Debug|anycpu.Build.0 = Debug|anycpu
		{B92B7BA8-3511-4565-B3E5-D59613457891}.Release|anycpu.ActiveCfg = Release|anycpu
		{B92B7BA8-3511-4565-B3E5-D59613457891}.Release|anycpu.Build.0 = Release|anycpu
	EndGlobalSection
	GlobalSection(SolutionProperties) = preSolution
		HideSolutionNode = FALSE
	EndGlobalSection
	GlobalSection(ExtensibilityGlobals) = postSolution
		SolutionGuid = {EFF8DFED-52C4-48C6-921E-E15EFCB86197}
	EndGlobalSection
EndGlobal
